
Microsoft Visual Studio Solution File, Format Version 12.00
# Visual Studio 15
VisualStudioVersion = 15.0.27428.2037
MinimumVisualStudioVersion = 10.0.40219.1
Project("{FAE04EC0-301F-11D3-BF4B-00C04F79EFBC}") = "CustomListClass", "CustomListClass\CustomListClass.csproj", "{FE509184-A2AC-486D-814E-A4E21DB303A7}"
EndProject
Project("{FAE04EC0-301F-11D3-BF4B-00C04F79EFBC}") = "CustomListClassTest", "CustomListClassTest\CustomListClassTest.csproj", "{5208DF54-0F72-47BD-B7D2-A41F44BB657C}"
EndProject
Global
	GlobalSection(SolutionConfigurationPlatforms) = preSolution
		Debug|Any CPU = Debug|Any CPU
		Release|Any CPU = Release|Any CPU
	EndGlobalSection
	GlobalSection(ProjectConfigurationPlatforms) = postSolution
		{FE509184-A2AC-486D-814E-A4E21DB303A7}.Debug|Any CPU.ActiveCfg = Debug|Any CPU
		{FE509184-A2AC-486D-814E-A4E21DB303A7}.Debug|Any CPU.Build.0 = Debug|Any CPU
		{FE509184-A2AC-486D-814E-A4E21DB303A7}.Release|Any CPU.ActiveCfg = Release|Any CPU
		{FE509184-A2AC-486D-814E-A4E21DB303A7}.Release|Any CPU.Build.0 = Release|Any CPU
		{5208DF54-0F72-47BD-B7D2-A41F44BB657C}.Debug|Any CPU.ActiveCfg = Debug|Any CPU
		{5208DF54-0F72-47BD-B7D2-A41F44BB657C}.Debug|Any CPU.Build.0 = Debug|Any CPU
		{5208DF54-0F72-47BD-B7D2-A41F44BB657C}.Release|Any CPU.ActiveCfg = Release|Any CPU
		{5208DF54-0F72-47BD-B7D2-A41F44BB657C}.Release|Any CPU.Build.0 = Release|Any CPU
	EndGlobalSection
	GlobalSection(SolutionProperties) = preSolution
		HideSolutionNode = FALSE
	EndGlobalSection
	GlobalSection(ExtensibilityGlobals) = postSolution
		SolutionGuid = {F8C79B64-51BC-45DD-AA9A-F976CCAA35DE}
	EndGlobalSection
EndGlobal
